
Microsoft Visual Studio Solution File, Format Version 12.00
# Visual Studio Version 16
VisualStudioVersion = 16.0.30503.244
MinimumVisualStudioVersion = 10.0.40219.1
Project("{FAE04EC0-301F-11D3-BF4B-00C04F79EFBC}") = "ProblemSolvingWithCSharp", "ProblemSolvingWithCSharp\ProblemSolvingWithCSharp.csproj", "{366ADB19-A331-4E95-9BB9-D549FD9B41F4}"
EndProject
Global
	GlobalSection(SolutionConfigurationPlatforms) = preSolution
		Debug|Any CPU = Debug|Any CPU
		Release|Any CPU = Release|Any CPU
	EndGlobalSection
	GlobalSection(ProjectConfigurationPlatforms) = postSolution
		{366ADB19-A331-4E95-9BB9-D549FD9B41F4}.Debug|Any CPU.ActiveCfg = Debug|Any CPU
		{366ADB19-A331-4E95-9BB9-D549FD9B41F4}.Debug|Any CPU.Build.0 = Debug|Any CPU
		{366ADB19-A331-4E95-9BB9-D549FD9B41F4}.Release|Any CPU.ActiveCfg = Release|Any CPU
		{366ADB19-A331-4E95-9BB9-D549FD9B41F4}.Release|Any CPU.Build.0 = Release|Any CPU
	EndGlobalSection
	GlobalSection(SolutionProperties) = preSolution
		HideSolutionNode = FALSE
	EndGlobalSection
	GlobalSection(ExtensibilityGlobals) = postSolution
		SolutionGuid = {C1E2BE7E-1F0A-4D68-8BF5-080A91C716B4}
	EndGlobalSection
EndGlobal
